
Microsoft Visual Studio Solution File, Format Version 12.00
# Visual Studio Version 17
VisualStudioVersion = 17.9.34723.18
MinimumVisualStudioVersion = 10.0.40219.1
Project("{9A19103F-16F7-4668-BE54-9A1E7A4F7556}") = "lab3", "lab3\lab3.csproj", "{9A5DC2AD-13C7-4D08-9BE0-6D91C834130E}"
EndProject
Project("{9A19103F-16F7-4668-BE54-9A1E7A4F7556}") = "mainForm", "mainForm\mainForm.csproj", "{62324906-47EF-407A-A646-C63C90EEC231}"
EndProject
Project("{FAE04EC0-301F-11D3-BF4B-00C04F79EFBC}") = "ClassLib", "ClassLib\ClassLib.csproj", "{2AD4310A-AB00-46BD-A8B5-D728F7AC8322}"
EndProject
Global
	GlobalSection(SolutionConfigurationPlatforms) = preSolution
		Debug|Any CPU = Debug|Any CPU
		Release|Any CPU = Release|Any CPU
	EndGlobalSection
	GlobalSection(ProjectConfigurationPlatforms) = postSolution
		{9A5DC2AD-13C7-4D08-9BE0-6D91C834130E}.Debug|Any CPU.ActiveCfg = Debug|Any CPU
		{9A5DC2AD-13C7-4D08-9BE0-6D91C834130E}.Debug|Any CPU.Build.0 = Debug|Any CPU
		{9A5DC2AD-13C7-4D08-9BE0-6D91C834130E}.Release|Any CPU.ActiveCfg = Release|Any CPU
		{9A5DC2AD-13C7-4D08-9BE0-6D91C834130E}.Release|Any CPU.Build.0 = Release|Any CPU
		{62324906-47EF-407A-A646-C63C90EEC231}.Debug|Any CPU.ActiveCfg = Debug|Any CPU
		{62324906-47EF-407A-A646-C63C90EEC231}.Debug|Any CPU.Build.0 = Debug|Any CPU
		{62324906-47EF-407A-A646-C63C90EEC231}.Release|Any CPU.ActiveCfg = Release|Any CPU
		{62324906-47EF-407A-A646-C63C90EEC231}.Release|Any CPU.Build.0 = Release|Any CPU
		{2AD4310A-AB00-46BD-A8B5-D728F7AC8322}.Debug|Any CPU.ActiveCfg = Debug|Any CPU
		{2AD4310A-AB00-46BD-A8B5-D728F7AC8322}.Debug|Any CPU.Build.0 = Debug|Any CPU
		{2AD4310A-AB00-46BD-A8B5-D728F7AC8322}.Release|Any CPU.ActiveCfg = Release|Any CPU
		{2AD4310A-AB00-46BD-A8B5-D728F7AC8322}.Release|Any CPU.Build.0 = Release|Any CPU
	EndGlobalSection
	GlobalSection(SolutionProperties) = preSolution
		HideSolutionNode = FALSE
	EndGlobalSection
	GlobalSection(ExtensibilityGlobals) = postSolution
		SolutionGuid = {D69A487B-C730-427E-A13E-AA5415C5952A}
	EndGlobalSection
EndGlobal
