
Microsoft Visual Studio Solution File, Format Version 12.00
# Visual Studio Version 17
VisualStudioVersion = 17.11.35222.181
MinimumVisualStudioVersion = 10.0.40219.1
Project("{9A19103F-16F7-4668-BE54-9A1E7A4F7556}") = "Lab_3", "Lab_3\Lab_3.csproj", "{079B310E-ECCA-4D17-982C-FF7BF8EE7619}"
EndProject
Project("{FAE04EC0-301F-11D3-BF4B-00C04F79EFBC}") = "ClassLib", "ClassLib\ClassLib.csproj", "{7D7945A1-F717-4A77-B24E-01313A70D717}"
EndProject
Global
	GlobalSection(SolutionConfigurationPlatforms) = preSolution
		Debug|Any CPU = Debug|Any CPU
		Release|Any CPU = Release|Any CPU
	EndGlobalSection
	GlobalSection(ProjectConfigurationPlatforms) = postSolution
		{079B310E-ECCA-4D17-982C-FF7BF8EE7619}.Debug|Any CPU.ActiveCfg = Debug|Any CPU
		{079B310E-ECCA-4D17-982C-FF7BF8EE7619}.Debug|Any CPU.Build.0 = Debug|Any CPU
		{079B310E-ECCA-4D17-982C-FF7BF8EE7619}.Release|Any CPU.ActiveCfg = Release|Any CPU
		{079B310E-ECCA-4D17-982C-FF7BF8EE7619}.Release|Any CPU.Build.0 = Release|Any CPU
		{7D7945A1-F717-4A77-B24E-01313A70D717}.Debug|Any CPU.ActiveCfg = Debug|Any CPU
		{7D7945A1-F717-4A77-B24E-01313A70D717}.Debug|Any CPU.Build.0 = Debug|Any CPU
		{7D7945A1-F717-4A77-B24E-01313A70D717}.Release|Any CPU.ActiveCfg = Release|Any CPU
		{7D7945A1-F717-4A77-B24E-01313A70D717}.Release|Any CPU.Build.0 = Release|Any CPU
	EndGlobalSection
	GlobalSection(SolutionProperties) = preSolution
		HideSolutionNode = FALSE
	EndGlobalSection
	GlobalSection(ExtensibilityGlobals) = postSolution
		SolutionGuid = {DD83D506-6701-45A0-8C59-6CE732EB123B}
	EndGlobalSection
EndGlobal
